
Microsoft Visual Studio Solution File, Format Version 12.00
# Visual Studio Version 17
VisualStudioVersion = 17.3.32901.215
MinimumVisualStudioVersion = 10.0.40219.1
Project("{FAE04EC0-301F-11D3-BF4B-00C04F79EFBC}") = "HomeWork_26.11", "HomeWork_26.11\HomeWork_26.11.csproj", "{BF8CB242-8099-4312-9A0F-DE989AE32EE9}"
EndProject
Project("{FAE04EC0-301F-11D3-BF4B-00C04F79EFBC}") = "Tumakov_26.11", "Tumakov_26.11\Tumakov_26.11.csproj", "{985F1F45-A950-4B27-B075-63B66E78AE79}"
EndProject
Global
	GlobalSection(SolutionConfigurationPlatforms) = preSolution
		Debug|Any CPU = Debug|Any CPU
		Release|Any CPU = Release|Any CPU
	EndGlobalSection
	GlobalSection(ProjectConfigurationPlatforms) = postSolution
		{BF8CB242-8099-4312-9A0F-DE989AE32EE9}.Debug|Any CPU.ActiveCfg = Debug|Any CPU
		{BF8CB242-8099-4312-9A0F-DE989AE32EE9}.Debug|Any CPU.Build.0 = Debug|Any CPU
		{BF8CB242-8099-4312-9A0F-DE989AE32EE9}.Release|Any CPU.ActiveCfg = Release|Any CPU
		{BF8CB242-8099-4312-9A0F-DE989AE32EE9}.Release|Any CPU.Build.0 = Release|Any CPU
		{985F1F45-A950-4B27-B075-63B66E78AE79}.Debug|Any CPU.ActiveCfg = Debug|Any CPU
		{985F1F45-A950-4B27-B075-63B66E78AE79}.Debug|Any CPU.Build.0 = Debug|Any CPU
		{985F1F45-A950-4B27-B075-63B66E78AE79}.Release|Any CPU.ActiveCfg = Release|Any CPU
		{985F1F45-A950-4B27-B075-63B66E78AE79}.Release|Any CPU.Build.0 = Release|Any CPU
	EndGlobalSection
	GlobalSection(SolutionProperties) = preSolution
		HideSolutionNode = FALSE
	EndGlobalSection
	GlobalSection(ExtensibilityGlobals) = postSolution
		SolutionGuid = {31E25A3E-B2D7-40B7-B438-2D4C1469C859}
	EndGlobalSection
EndGlobal
